// !$*UTF8*$!
{
	archiveVersion = 1;
	classes = {
	};
	objectVersion = 50;
	objects = {

/* Begin PBXBuildFile section */
		64DB872E20DE4AC600B45E45 /* AppDelegate.swift in Sources */ = {isa = PBXBuildFile; fileRef = 64DB872D20DE4AC600B45E45 /* AppDelegate.swift */; };
		64DB873020DE4AC600B45E45 /* DashboardViewController.swift in Sources */ = {isa = PBXBuildFile; fileRef = 64DB872F20DE4AC600B45E45 /* DashboardViewController.swift */; };
		64DB873320DE4AC600B45E45 /* Main.storyboard in Resources */ = {isa = PBXBuildFile; fileRef = 64DB873120DE4AC600B45E45 /* Main.storyboard */; };
		64DB873520DE4AC800B45E45 /* Assets.xcassets in Resources */ = {isa = PBXBuildFile; fileRef = 64DB873420DE4AC800B45E45 /* Assets.xcassets */; };
		64DB873820DE4AC800B45E45 /* LaunchScreen.storyboard in Resources */ = {isa = PBXBuildFile; fileRef = 64DB873620DE4AC800B45E45 /* LaunchScreen.storyboard */; };
		64DB874320DE4AC800B45E45 /* habit_trackerTests.swift in Sources */ = {isa = PBXBuildFile; fileRef = 64DB874220DE4AC800B45E45 /* habit_trackerTests.swift */; };
		64DB874E20DE4AC800B45E45 /* habit_trackerUITests.swift in Sources */ = {isa = PBXBuildFile; fileRef = 64DB874D20DE4AC800B45E45 /* habit_trackerUITests.swift */; };
/* End PBXBuildFile section */

/* Begin PBXContainerItemProxy section */
		64DB873F20DE4AC800B45E45 /* PBXContainerItemProxy */ = {
			isa = PBXContainerItemProxy;
			containerPortal = 64DB872220DE4AC600B45E45 /* Project object */;
			proxyType = 1;
			remoteGlobalIDString = 64DB872920DE4AC600B45E45;
			remoteInfo = habit_tracker;
		};
		64DB874A20DE4AC800B45E45 /* PBXContainerItemProxy */ = {
			isa = PBXContainerItemProxy;
			containerPortal = 64DB872220DE4AC600B45E45 /* Project object */;
			proxyType = 1;
			remoteGlobalIDString = 64DB872920DE4AC600B45E45;
			remoteInfo = habit_tracker;
		};
/* End PBXContainerItemProxy section */

/* Begin PBXFileReference section */
		64DB872A20DE4AC600B45E45 /* habit_tracker.app */ = {isa = PBXFileReference; explicitFileType = wrapper.application; includeInIndex = 0; path = habit_tracker.app; sourceTree = BUILT_PRODUCTS_DIR; };
		64DB872D20DE4AC600B45E45 /* AppDelegate.swift */ = {isa = PBXFileReference; lastKnownFileType = sourcecode.swift; path = AppDelegate.swift; sourceTree = "<group>"; };
		64DB872F20DE4AC600B45E45 /* DashboardViewController.swift */ = {isa = PBXFileReference; lastKnownFileType = sourcecode.swift; path = DashboardViewController.swift; sourceTree = "<group>"; };
		64DB873220DE4AC600B45E45 /* Base */ = {isa = PBXFileReference; lastKnownFileType = file.storyboard; name = Base; path = Base.lproj/Main.storyboard; sourceTree = "<group>"; };
		64DB873420DE4AC800B45E45 /* Assets.xcassets */ = {isa = PBXFileReference; lastKnownFileType = folder.assetcatalog; path = Assets.xcassets; sourceTree = "<group>"; };
		64DB873720DE4AC800B45E45 /* Base */ = {isa = PBXFileReference; lastKnownFileType = file.storyboard; name = Base; path = Base.lproj/LaunchScreen.storyboard; sourceTree = "<group>"; };
		64DB873920DE4AC800B45E45 /* Info.plist */ = {isa = PBXFileReference; lastKnownFileType = text.plist.xml; path = Info.plist; sourceTree = "<group>"; };
		64DB873E20DE4AC800B45E45 /* habit_trackerTests.xctest */ = {isa = PBXFileReference; explicitFileType = wrapper.cfbundle; includeInIndex = 0; path = habit_trackerTests.xctest; sourceTree = BUILT_PRODUCTS_DIR; };
		64DB874220DE4AC800B45E45 /* habit_trackerTests.swift */ = {isa = PBXFileReference; lastKnownFileType = sourcecode.swift; path = habit_trackerTests.swift; sourceTree = "<group>"; };
		64DB874420DE4AC800B45E45 /* Info.plist */ = {isa = PBXFileReference; lastKnownFileType = text.plist.xml; path = Info.plist; sourceTree = "<group>"; };
		64DB874920DE4AC800B45E45 /* habit_trackerUITests.xctest */ = {isa = PBXFileReference; explicitFileType = wrapper.cfbundle; includeInIndex = 0; path = habit_trackerUITests.xctest; sourceTree = BUILT_PRODUCTS_DIR; };
		64DB874D20DE4AC800B45E45 /* habit_trackerUITests.swift */ = {isa = PBXFileReference; lastKnownFileType = sourcecode.swift; path = habit_trackerUITests.swift; sourceTree = "<group>"; };
		64DB874F20DE4AC800B45E45 /* Info.plist */ = {isa = PBXFileReference; lastKnownFileType = text.plist.xml; path = Info.plist; sourceTree = "<group>"; };
/* End PBXFileReference section */

/* Begin PBXFrameworksBuildPhase section */
		64DB872720DE4AC600B45E45 /* Frameworks */ = {
			isa = PBXFrameworksBuildPhase;
			buildActionMask = 2147483647;
			files = (
			);
			runOnlyForDeploymentPostprocessing = 0;
		};
		64DB873B20DE4AC800B45E45 /* Frameworks */ = {
			isa = PBXFrameworksBuildPhase;
			buildActionMask = 2147483647;
			files = (
			);
			runOnlyForDeploymentPostprocessing = 0;
		};
		64DB874620DE4AC800B45E45 /* Frameworks */ = {
			isa = PBXFrameworksBuildPhase;
			buildActionMask = 2147483647;
			files = (
			);
			runOnlyForDeploymentPostprocessing = 0;
		};
/* End PBXFrameworksBuildPhase section */

/* Begin PBXGroup section */
		64DB872120DE4AC600B45E45 = {
			isa = PBXGroup;
			children = (
				64DB872C20DE4AC600B45E45 /* habit_tracker */,
				64DB874120DE4AC800B45E45 /* habit_trackerTests */,
				64DB874C20DE4AC800B45E45 /* habit_trackerUITests */,
				64DB872B20DE4AC600B45E45 /* Products */,
			);
			sourceTree = "<group>";
		};
		64DB872B20DE4AC600B45E45 /* Products */ = {
			isa = PBXGroup;
			children = (
				64DB872A20DE4AC600B45E45 /* habit_tracker.app */,
				64DB873E20DE4AC800B45E45 /* habit_trackerTests.xctest */,
				64DB874920DE4AC800B45E45 /* habit_trackerUITests.xctest */,
			);
			name = Products;
			sourceTree = "<group>";
		};
		64DB872C20DE4AC600B45E45 /* habit_tracker */ = {
			isa = PBXGroup;
			children = (
				64DB872D20DE4AC600B45E45 /* AppDelegate.swift */,
				64DB875B20DE4B3100B45E45 /* supportive files */,
				64DB872F20DE4AC600B45E45 /* DashboardViewController.swift */,
				64DB873120DE4AC600B45E45 /* Main.storyboard */,
				64DB873420DE4AC800B45E45 /* Assets.xcassets */,
				64DB873620DE4AC800B45E45 /* LaunchScreen.storyboard */,
				64DB873920DE4AC800B45E45 /* Info.plist */,
			);
			path = habit_tracker;
			sourceTree = "<group>";
		};
		64DB874120DE4AC800B45E45 /* habit_trackerTests */ = {
			isa = PBXGroup;
			children = (
				64DB874220DE4AC800B45E45 /* habit_trackerTests.swift */,
				64DB874420DE4AC800B45E45 /* Info.plist */,
			);
			path = habit_trackerTests;
			sourceTree = "<group>";
		};
		64DB874C20DE4AC800B45E45 /* habit_trackerUITests */ = {
			isa = PBXGroup;
			children = (
				64DB874D20DE4AC800B45E45 /* habit_trackerUITests.swift */,
				64DB874F20DE4AC800B45E45 /* Info.plist */,
			);
			path = habit_trackerUITests;
			sourceTree = "<group>";
		};
		64DB875B20DE4B3100B45E45 /* supportive files */ = {
			isa = PBXGroup;
			children = (
			);
			path = "supportive files";
			sourceTree = "<group>";
		};
/* End PBXGroup section */

/* Begin PBXNativeTarget section */
		64DB872920DE4AC600B45E45 /* habit_tracker */ = {
			isa = PBXNativeTarget;
			buildConfigurationList = 64DB875220DE4AC800B45E45 /* Build configuration list for PBXNativeTarget "habit_tracker" */;
			buildPhases = (
				64DB872620DE4AC600B45E45 /* Sources */,
				64DB872720DE4AC600B45E45 /* Frameworks */,
				64DB872820DE4AC600B45E45 /* Resources */,
			);
			buildRules = (
			);
			dependencies = (
			);
			name = habit_tracker;
			productName = habit_tracker;
			productReference = 64DB872A20DE4AC600B45E45 /* habit_tracker.app */;
			productType = "com.apple.product-type.application";
		};
		64DB873D20DE4AC800B45E45 /* habit_trackerTests */ = {
			isa = PBXNativeTarget;
			buildConfigurationList = 64DB875520DE4AC800B45E45 /* Build configuration list for PBXNativeTarget "habit_trackerTests" */;
			buildPhases = (
				64DB873A20DE4AC800B45E45 /* Sources */,
				64DB873B20DE4AC800B45E45 /* Frameworks */,
				64DB873C20DE4AC800B45E45 /* Resources */,
			);
			buildRules = (
			);
			dependencies = (
				64DB874020DE4AC800B45E45 /* PBXTargetDependency */,
			);
			name = habit_trackerTests;
			productName = habit_trackerTests;
			productReference = 64DB873E20DE4AC800B45E45 /* habit_trackerTests.xctest */;
			productType = "com.apple.product-type.bundle.unit-test";
		};
		64DB874820DE4AC800B45E45 /* habit_trackerUITests */ = {
			isa = PBXNativeTarget;
			buildConfigurationList = 64DB875820DE4AC800B45E45 /* Build configuration list for PBXNativeTarget "habit_trackerUITests" */;
			buildPhases = (
				64DB874520DE4AC800B45E45 /* Sources */,
				64DB874620DE4AC800B45E45 /* Frameworks */,
				64DB874720DE4AC800B45E45 /* Resources */,
			);
			buildRules = (
			);
			dependencies = (
				64DB874B20DE4AC800B45E45 /* PBXTargetDependency */,
			);
			name = habit_trackerUITests;
			productName = habit_trackerUITests;
			productReference = 64DB874920DE4AC800B45E45 /* habit_trackerUITests.xctest */;
			productType = "com.apple.product-type.bundle.ui-testing";
		};
/* End PBXNativeTarget section */

/* Begin PBXProject section */
		64DB872220DE4AC600B45E45 /* Project object */ = {
			isa = PBXProject;
			attributes = {
				LastSwiftUpdateCheck = 0940;
				LastUpgradeCheck = 0940;
				ORGANIZATIONNAME = "Torsten Schmickler";
				TargetAttributes = {
					64DB872920DE4AC600B45E45 = {
						CreatedOnToolsVersion = 9.4.1;
					};
					64DB873D20DE4AC800B45E45 = {
						CreatedOnToolsVersion = 9.4.1;
						TestTargetID = 64DB872920DE4AC600B45E45;
					};
					64DB874820DE4AC800B45E45 = {
						CreatedOnToolsVersion = 9.4.1;
						TestTargetID = 64DB872920DE4AC600B45E45;
					};
				};
			};
			buildConfigurationList = 64DB872520DE4AC600B45E45 /* Build configuration list for PBXProject "habit_tracker" */;
			compatibilityVersion = "Xcode 9.3";
			developmentRegion = en;
			hasScannedForEncodings = 0;
			knownRegions = (
				en,
				Base,
			);
			mainGroup = 64DB872120DE4AC600B45E45;
			productRefGroup = 64DB872B20DE4AC600B45E45 /* Products */;
			projectDirPath = "";
			projectRoot = "";
			targets = (
				64DB872920DE4AC600B45E45 /* habit_tracker */,
				64DB873D20DE4AC800B45E45 /* habit_trackerTests */,
				64DB874820DE4AC800B45E45 /* habit_trackerUITests */,
			);
		};
/* End PBXProject section */

/* Begin PBXResourcesBuildPhase section */
		64DB872820DE4AC600B45E45 /* Resources */ = {
			isa = PBXResourcesBuildPhase;
			buildActionMask = 2147483647;
			files = (
				64DB873820DE4AC800B45E45 /* LaunchScreen.storyboard in Resources */,
				64DB873520DE4AC800B45E45 /* Assets.xcassets in Resources */,
				64DB873320DE4AC600B45E45 /* Main.storyboard in Resources */,
			);
			runOnlyForDeploymentPostprocessing = 0;
		};
		64DB873C20DE4AC800B45E45 /* Resources */ = {
			isa = PBXResourcesBuildPhase;
			buildActionMask = 2147483647;
			files = (
			);
			runOnlyForDeploymentPostprocessing = 0;
		};
		64DB874720DE4AC800B45E45 /* Resources */ = {
			isa = PBXResourcesBuildPhase;
			buildActionMask = 2147483647;
			files = (
			);
			runOnlyForDeploymentPostprocessing = 0;
		};
/* End PBXResourcesBuildPhase section */

/* Begin PBXSourcesBuildPhase section */
		64DB872620DE4AC600B45E45 /* Sources */ = {
			isa = PBXSourcesBuildPhase;
			buildActionMask = 2147483647;
			files = (
				64DB873020DE4AC600B45E45 /* DashboardViewController.swift in Sources */,
				64DB872E20DE4AC600B45E45 /* AppDelegate.swift in Sources */,
			);
			runOnlyForDeploymentPostprocessing = 0;
		};
		64DB873A20DE4AC800B45E45 /* Sources */ = {
			isa = PBXSourcesBuildPhase;
			buildActionMask = 2147483647;
			files = (
				64DB874320DE4AC800B45E45 /* habit_trackerTests.swift in Sources */,
			);
			runOnlyForDeploymentPostprocessing = 0;
		};
		64DB874520DE4AC800B45E45 /* Sources */ = {
			isa = PBXSourcesBuildPhase;
			buildActionMask = 2147483647;
			files = (
				64DB874E20DE4AC800B45E45 /* habit_trackerUITests.swift in Sources */,
			);
			runOnlyForDeploymentPostprocessing = 0;
		};
/* End PBXSourcesBuildPhase section */

/* Begin PBXTargetDependency section */
		64DB874020DE4AC800B45E45 /* PBXTargetDependency */ = {
			isa = PBXTargetDependency;
			target = 64DB872920DE4AC600B45E45 /* habit_tracker */;
			targetProxy = 64DB873F20DE4AC800B45E45 /* PBXContainerItemProxy */;
		};
		64DB874B20DE4AC800B45E45 /* PBXTargetDependency */ = {
			isa = PBXTargetDependency;
			target = 64DB872920DE4AC600B45E45 /* habit_tracker */;
			targetProxy = 64DB874A20DE4AC800B45E45 /* PBXContainerItemProxy */;
		};
/* End PBXTargetDependency section */

/* Begin PBXVariantGroup section */
		64DB873120DE4AC600B45E45 /* Main.storyboard */ = {
			isa = PBXVariantGroup;
			children = (
				64DB873220DE4AC600B45E45 /* Base */,
			);
			name = Main.storyboard;
			sourceTree = "<group>";
		};
		64DB873620DE4AC800B45E45 /* LaunchScreen.storyboard */ = {
			isa = PBXVariantGroup;
			children = (
				64DB873720DE4AC800B45E45 /* Base */,
			);
			name = LaunchScreen.storyboard;
			sourceTree = "<group>";
		};
/* End PBXVariantGroup section */

/* Begin XCBuildConfiguration section */
		64DB875020DE4AC800B45E45 /* Debug */ = {
			isa = XCBuildConfiguration;
			buildSettings = {
				ALWAYS_SEARCH_USER_PATHS = NO;
				CLANG_ANALYZER_NONNULL = YES;
				CLANG_ANALYZER_NUMBER_OBJECT_CONVERSION = YES_AGGRESSIVE;
				CLANG_CXX_LANGUAGE_STANDARD = "gnu++14";
				CLANG_CXX_LIBRARY = "libc++";
				CLANG_ENABLE_MODULES = YES;
				CLANG_ENABLE_OBJC_ARC = YES;
				CLANG_ENABLE_OBJC_WEAK = YES;
				CLANG_WARN_BLOCK_CAPTURE_AUTORELEASING = YES;
				CLANG_WARN_BOOL_CONVERSION = YES;
				CLANG_WARN_COMMA = YES;
				CLANG_WARN_CONSTANT_CONVERSION = YES;
				CLANG_WARN_DEPRECATED_OBJC_IMPLEMENTATIONS = YES;
				CLANG_WARN_DIRECT_OBJC_ISA_USAGE = YES_ERROR;
				CLANG_WARN_DOCUMENTATION_COMMENTS = YES;
				CLANG_WARN_EMPTY_BODY = YES;
				CLANG_WARN_ENUM_CONVERSION = YES;
				CLANG_WARN_INFINITE_RECURSION = YES;
				CLANG_WARN_INT_CONVERSION = YES;
				CLANG_WARN_NON_LITERAL_NULL_CONVERSION = YES;
				CLANG_WARN_OBJC_IMPLICIT_RETAIN_SELF = YES;
				CLANG_WARN_OBJC_LITERAL_CONVERSION = YES;
				CLANG_WARN_OBJC_ROOT_CLASS = YES_ERROR;
				CLANG_WARN_RANGE_LOOP_ANALYSIS = YES;
				CLANG_WARN_STRICT_PROTOTYPES = YES;
				CLANG_WARN_SUSPICIOUS_MOVE = YES;
				CLANG_WARN_UNGUARDED_AVAILABILITY = YES_AGGRESSIVE;
				CLANG_WARN_UNREACHABLE_CODE = YES;
				CLANG_WARN__DUPLICATE_METHOD_MATCH = YES;
				CODE_SIGN_IDENTITY = "iPhone Developer";
				COPY_PHASE_STRIP = NO;
				DEBUG_INFORMATION_FORMAT = dwarf;
				ENABLE_STRICT_OBJC_MSGSEND = YES;
				ENABLE_TESTABILITY = YES;
				GCC_C_LANGUAGE_STANDARD = gnu11;
				GCC_DYNAMIC_NO_PIC = NO;
				GCC_NO_COMMON_BLOCKS = YES;
				GCC_OPTIMIZATION_LEVEL = 0;
				GCC_PREPROCESSOR_DEFINITIONS = (
					"DEBUG=1",
					"$(inherited)",
				);
				GCC_WARN_64_TO_32_BIT_CONVERSION = YES;
				GCC_WARN_ABOUT_RETURN_TYPE = YES_ERROR;
				GCC_WARN_UNDECLARED_SELECTOR = YES;
				GCC_WARN_UNINITIALIZED_AUTOS = YES_AGGRESSIVE;
				GCC_WARN_UNUSED_FUNCTION = YES;
				GCC_WARN_UNUSED_VARIABLE = YES;
				IPHONEOS_DEPLOYMENT_TARGET = 11.4;
				MTL_ENABLE_DEBUG_INFO = YES;
				ONLY_ACTIVE_ARCH = YES;
				SDKROOT = iphoneos;
				SWIFT_ACTIVE_COMPILATION_CONDITIONS = DEBUG;
				SWIFT_OPTIMIZATION_LEVEL = "-Onone";
			};
			name = Debug;
		};
		64DB875120DE4AC800B45E45 /* Release */ = {
			isa = XCBuildConfiguration;
			buildSettings = {
				ALWAYS_SEARCH_USER_PATHS = NO;
				CLANG_ANALYZER_NONNULL = YES;
				CLANG_ANALYZER_NUMBER_OBJECT_CONVERSION = YES_AGGRESSIVE;
				CLANG_CXX_LANGUAGE_STANDARD = "gnu++14";
				CLANG_CXX_LIBRARY = "libc++";
				CLANG_ENABLE_MODULES = YES;
				CLANG_ENABLE_OBJC_ARC = YES;
				CLANG_ENABLE_OBJC_WEAK = YES;
				CLANG_WARN_BLOCK_CAPTURE_AUTORELEASING = YES;
				CLANG_WARN_BOOL_CONVERSION = YES;
				CLANG_WARN_COMMA = YES;
				CLANG_WARN_CONSTANT_CONVERSION = YES;
				CLANG_WARN_DEPRECATED_OBJC_IMPLEMENTATIONS = YES;
				CLANG_WARN_DIRECT_OBJC_ISA_USAGE = YES_ERROR;
				CLANG_WARN_DOCUMENTATION_COMMENTS = YES;
				CLANG_WARN_EMPTY_BODY = YES;
				CLANG_WARN_ENUM_CONVERSION = YES;
				CLANG_WARN_INFINITE_RECURSION = YES;
				CLANG_WARN_INT_CONVERSION = YES;
				CLANG_WARN_NON_LITERAL_NULL_CONVERSION = YES;
				CLANG_WARN_OBJC_IMPLICIT_RETAIN_SELF = YES;
				CLANG_WARN_OBJC_LITERAL_CONVERSION = YES;
				CLANG_WARN_OBJC_ROOT_CLASS = YES_ERROR;
				CLANG_WARN_RANGE_LOOP_ANALYSIS = YES;
				CLANG_WARN_STRICT_PROTOTYPES = YES;
				CLANG_WARN_SUSPICIOUS_MOVE = YES;
				CLANG_WARN_UNGUARDED_AVAILABILITY = YES_AGGRESSIVE;
				CLANG_WARN_UNREACHABLE_CODE = YES;
				CLANG_WARN__DUPLICATE_METHOD_MATCH = YES;
				CODE_SIGN_IDENTITY = "iPhone Developer";
				COPY_PHASE_STRIP = NO;
				DEBUG_INFORMATION_FORMAT = "dwarf-with-dsym";
				ENABLE_NS_ASSERTIONS = NO;
				ENABLE_STRICT_OBJC_MSGSEND = YES;
				GCC_C_LANGUAGE_STANDARD = gnu11;
				GCC_NO_COMMON_BLOCKS = YES;
				GCC_WARN_64_TO_32_BIT_CONVERSION = YES;
				GCC_WARN_ABOUT_RETURN_TYPE = YES_ERROR;
				GCC_WARN_UNDECLARED_SELECTOR = YES;
				GCC_WARN_UNINITIALIZED_AUTOS = YES_AGGRESSIVE;
				GCC_WARN_UNUSED_FUNCTION = YES;
				GCC_WARN_UNUSED_VARIABLE = YES;
				IPHONEOS_DEPLOYMENT_TARGET = 11.4;
				MTL_ENABLE_DEBUG_INFO = NO;
				SDKROOT = iphoneos;
				SWIFT_COMPILATION_MODE = wholemodule;
				SWIFT_OPTIMIZATION_LEVEL = "-O";
				VALIDATE_PRODUCT = YES;
			};
			name = Release;
		};
		64DB875320DE4AC800B45E45 /* Debug */ = {
			isa = XCBuildConfiguration;
			buildSettings = {
				ASSETCATALOG_COMPILER_APPICON_NAME = AppIcon;
				CODE_SIGN_STYLE = Automatic;
				DEVELOPMENT_TEAM = T42CC8W8BD;
				INFOPLIST_FILE = habit_tracker/Info.plist;
				LD_RUNPATH_SEARCH_PATHS = (
					"$(inherited)",
					"@executable_path/Frameworks",
				);
				PRODUCT_BUNDLE_IDENTIFIER = "aware.habit-tracker";
				PRODUCT_NAME = "$(TARGET_NAME)";
				SWIFT_VERSION = 4.0;
				TARGETED_DEVICE_FAMILY = "1,2";
			};
			name = Debug;
		};
		64DB875420DE4AC800B45E45 /* Release */ = {
			isa = XCBuildConfiguration;
			buildSettings = {
				ASSETCATALOG_COMPILER_APPICON_NAME = AppIcon;
				CODE_SIGN_STYLE = Automatic;
				DEVELOPMENT_TEAM = T42CC8W8BD;
				INFOPLIST_FILE = habit_tracker/Info.plist;
				LD_RUNPATH_SEARCH_PATHS = (
					"$(inherited)",
					"@executable_path/Frameworks",
				);
				PRODUCT_BUNDLE_IDENTIFIER = "aware.habit-tracker";
				PRODUCT_NAME = "$(TARGET_NAME)";
				SWIFT_VERSION = 4.0;
				TARGETED_DEVICE_FAMILY = "1,2";
			};
			name = Release;
		};
		64DB875620DE4AC800B45E45 /* Debug */ = {
			isa = XCBuildConfiguration;
			buildSettings = {
				ALWAYS_EMBED_SWIFT_STANDARD_LIBRARIES = YES;
				BUNDLE_LOADER = "$(TEST_HOST)";
				CODE_SIGN_STYLE = Automatic;
				DEVELOPMENT_TEAM = T42CC8W8BD;
				INFOPLIST_FILE = habit_trackerTests/Info.plist;
				LD_RUNPATH_SEARCH_PATHS = (
					"$(inherited)",
					"@executable_path/Frameworks",
					"@loader_path/Frameworks",
				);
				PRODUCT_BUNDLE_IDENTIFIER = "aware.habit-trackerTests";
				PRODUCT_NAME = "$(TARGET_NAME)";
				SWIFT_VERSION = 4.0;
				TARGETED_DEVICE_FAMILY = "1,2";
				TEST_HOST = "$(BUILT_PRODUCTS_DIR)/habit_tracker.app/habit_tracker";
			};
			name = Debug;
		};
		64DB875720DE4AC800B45E45 /* Release */ = {
			isa = XCBuildConfiguration;
			buildSettings = {
				ALWAYS_EMBED_SWIFT_STANDARD_LIBRARIES = YES;
				BUNDLE_LOADER = "$(TEST_HOST)";
				CODE_SIGN_STYLE = Automatic;
				DEVELOPMENT_TEAM = T42CC8W8BD;
				INFOPLIST_FILE = habit_trackerTests/Info.plist;
				LD_RUNPATH_SEARCH_PATHS = (
					"$(inherited)",
					"@executable_path/Frameworks",
					"@loader_path/Frameworks",
				);
				PRODUCT_BUNDLE_IDENTIFIER = "aware.habit-trackerTests";
				PRODUCT_NAME = "$(TARGET_NAME)";
				SWIFT_VERSION = 4.0;
				TARGETED_DEVICE_FAMILY = "1,2";
				TEST_HOST = "$(BUILT_PRODUCTS_DIR)/habit_tracker.app/habit_tracker";
			};
			name = Release;
		};
		64DB875920DE4AC800B45E45 /* Debug */ = {
			isa = XCBuildConfiguration;
			buildSettings = {
				ALWAYS_EMBED_SWIFT_STANDARD_LIBRARIES = YES;
				CODE_SIGN_STYLE = Automatic;
				DEVELOPMENT_TEAM = T42CC8W8BD;
				INFOPLIST_FILE = habit_trackerUITests/Info.plist;
				LD_RUNPATH_SEARCH_PATHS = (
					"$(inherited)",
					"@executable_path/Frameworks",
					"@loader_path/Frameworks",
				);
				PRODUCT_BUNDLE_IDENTIFIER = "aware.habit-trackerUITests";
				PRODUCT_NAME = "$(TARGET_NAME)";
				SWIFT_VERSION = 4.0;
				TARGETED_DEVICE_FAMILY = "1,2";
				TEST_TARGET_NAME = habit_tracker;
			};
			name = Debug;
		};
		64DB875A20DE4AC800B45E45 /* Release */ = {
			isa = XCBuildConfiguration;
			buildSettings = {
				ALWAYS_EMBED_SWIFT_STANDARD_LIBRARIES = YES;
				CODE_SIGN_STYLE = Automatic;
				DEVELOPMENT_TEAM = T42CC8W8BD;
				INFOPLIST_FILE = habit_trackerUITests/Info.plist;
				LD_RUNPATH_SEARCH_PATHS = (
					"$(inherited)",
					"@executable_path/Frameworks",
					"@loader_path/Frameworks",
				);
				PRODUCT_BUNDLE_IDENTIFIER = "aware.habit-trackerUITests";
				PRODUCT_NAME = "$(TARGET_NAME)";
				SWIFT_VERSION = 4.0;
				TARGETED_DEVICE_FAMILY = "1,2";
				TEST_TARGET_NAME = habit_tracker;
			};
			name = Release;
		};
/* End XCBuildConfiguration section */

/* Begin XCConfigurationList section */
		64DB872520DE4AC600B45E45 /* Build configuration list for PBXProject "habit_tracker" */ = {
			isa = XCConfigurationList;
			buildConfigurations = (
				64DB875020DE4AC800B45E45 /* Debug */,
				64DB875120DE4AC800B45E45 /* Release */,
			);
			defaultConfigurationIsVisible = 0;
			defaultConfigurationName = Release;
		};
		64DB875220DE4AC800B45E45 /* Build configuration list for PBXNativeTarget "habit_tracker" */ = {
			isa = XCConfigurationList;
			buildConfigurations = (
				64DB875320DE4AC800B45E45 /* Debug */,
				64DB875420DE4AC800B45E45 /* Release */,
			);
			defaultConfigurationIsVisible = 0;
			defaultConfigurationName = Release;
		};
		64DB875520DE4AC800B45E45 /* Build configuration list for PBXNativeTarget "habit_trackerTests" */ = {
			isa = XCConfigurationList;
			buildConfigurations = (
				64DB875620DE4AC800B45E45 /* Debug */,
				64DB875720DE4AC800B45E45 /* Release */,
			);
			defaultConfigurationIsVisible = 0;
			defaultConfigurationName = Release;
		};
		64DB875820DE4AC800B45E45 /* Build configuration list for PBXNativeTarget "habit_trackerUITests" */ = {
			isa = XCConfigurationList;
			buildConfigurations = (
				64DB875920DE4AC800B45E45 /* Debug */,
				64DB875A20DE4AC800B45E45 /* Release */,
			);
			defaultConfigurationIsVisible = 0;
			defaultConfigurationName = Release;
		};
/* End XCConfigurationList section */
	};
	rootObject = 64DB872220DE4AC600B45E45 /* Project object */;
}
